
Microsoft Visual Studio Solution File, Format Version 12.00
# Visual Studio 15
VisualStudioVersion = 15.0.28307.572
MinimumVisualStudioVersion = 10.0.40219.1
Project("{FAE04EC0-301F-11D3-BF4B-00C04F79EFBC}") = "Entidades", "Entidades\Entidades.csproj", "{83709049-5990-4BFD-B2D5-848B69F5F3DF}"
EndProject
Project("{FAE04EC0-301F-11D3-BF4B-00C04F79EFBC}") = "MiCalculadora", "MiCalculadora\MiCalculadora.csproj", "{94208489-F8F3-4BEB-B191-05B84F1CDDF9}"
EndProject
Global
	GlobalSection(SolutionConfigurationPlatforms) = preSolution
		Debug|Any CPU = Debug|Any CPU
		Release|Any CPU = Release|Any CPU
	EndGlobalSection
	GlobalSection(ProjectConfigurationPlatforms) = postSolution
		{83709049-5990-4BFD-B2D5-848B69F5F3DF}.Debug|Any CPU.ActiveCfg = Debug|Any CPU
		{83709049-5990-4BFD-B2D5-848B69F5F3DF}.Debug|Any CPU.Build.0 = Debug|Any CPU
		{83709049-5990-4BFD-B2D5-848B69F5F3DF}.Release|Any CPU.ActiveCfg = Release|Any CPU
		{83709049-5990-4BFD-B2D5-848B69F5F3DF}.Release|Any CPU.Build.0 = Release|Any CPU
		{94208489-F8F3-4BEB-B191-05B84F1CDDF9}.Debug|Any CPU.ActiveCfg = Debug|Any CPU
		{94208489-F8F3-4BEB-B191-05B84F1CDDF9}.Debug|Any CPU.Build.0 = Debug|Any CPU
		{94208489-F8F3-4BEB-B191-05B84F1CDDF9}.Release|Any CPU.ActiveCfg = Release|Any CPU
		{94208489-F8F3-4BEB-B191-05B84F1CDDF9}.Release|Any CPU.Build.0 = Release|Any CPU
	EndGlobalSection
	GlobalSection(SolutionProperties) = preSolution
		HideSolutionNode = FALSE
	EndGlobalSection
	GlobalSection(ExtensibilityGlobals) = postSolution
		SolutionGuid = {315C6F4A-0B39-4436-97F4-895154C7FB75}
	EndGlobalSection
EndGlobal
